
Microsoft Visual Studio Solution File, Format Version 12.00
# Visual Studio Version 17
VisualStudioVersion = 17.1.32104.313
MinimumVisualStudioVersion = 10.0.40219.1
Project("{9A19103F-16F7-4668-BE54-9A1E7A4F7556}") = "App", "src\App\App.csproj", "{59A1DF9C-9D28-4674-938D-582E123EC5DD}"
EndProject
Global
	GlobalSection(SolutionConfigurationPlatforms) = preSolution
		Debug|Any CPU = Debug|Any CPU
		Debug|iPhone = Debug|iPhone
		Debug|iPhoneSimulator = Debug|iPhoneSimulator
		Release|Any CPU = Release|Any CPU
		Release|iPhone = Release|iPhone
		Release|iPhoneSimulator = Release|iPhoneSimulator
	EndGlobalSection
	GlobalSection(ProjectConfigurationPlatforms) = postSolution
		{59A1DF9C-9D28-4674-938D-582E123EC5DD}.Debug|Any CPU.ActiveCfg = Debug|Any CPU
		{59A1DF9C-9D28-4674-938D-582E123EC5DD}.Debug|Any CPU.Build.0 = Debug|Any CPU
		{59A1DF9C-9D28-4674-938D-582E123EC5DD}.Debug|Any CPU.Deploy.0 = Debug|Any CPU
		{59A1DF9C-9D28-4674-938D-582E123EC5DD}.Debug|iPhone.ActiveCfg = Debug|Any CPU
		{59A1DF9C-9D28-4674-938D-582E123EC5DD}.Debug|iPhone.Build.0 = Debug|Any CPU
		{59A1DF9C-9D28-4674-938D-582E123EC5DD}.Debug|iPhone.Deploy.0 = Debug|Any CPU
		{59A1DF9C-9D28-4674-938D-582E123EC5DD}.Debug|iPhoneSimulator.ActiveCfg = Debug|Any CPU
		{59A1DF9C-9D28-4674-938D-582E123EC5DD}.Debug|iPhoneSimulator.Build.0 = Debug|Any CPU
		{59A1DF9C-9D28-4674-938D-582E123EC5DD}.Debug|iPhoneSimulator.Deploy.0 = Debug|Any CPU
		{59A1DF9C-9D28-4674-938D-582E123EC5DD}.Release|Any CPU.ActiveCfg = Release|Any CPU
		{59A1DF9C-9D28-4674-938D-582E123EC5DD}.Release|Any CPU.Build.0 = Release|Any CPU
		{59A1DF9C-9D28-4674-938D-582E123EC5DD}.Release|Any CPU.Deploy.0 = Release|Any CPU
		{59A1DF9C-9D28-4674-938D-582E123EC5DD}.Release|iPhone.ActiveCfg = Release|Any CPU
		{59A1DF9C-9D28-4674-938D-582E123EC5DD}.Release|iPhone.Build.0 = Release|Any CPU
		{59A1DF9C-9D28-4674-938D-582E123EC5DD}.Release|iPhone.Deploy.0 = Release|Any CPU
		{59A1DF9C-9D28-4674-938D-582E123EC5DD}.Release|iPhoneSimulator.ActiveCfg = Release|Any CPU
		{59A1DF9C-9D28-4674-938D-582E123EC5DD}.Release|iPhoneSimulator.Build.0 = Release|Any CPU
		{59A1DF9C-9D28-4674-938D-582E123EC5DD}.Release|iPhoneSimulator.Deploy.0 = Release|Any CPU
	EndGlobalSection
	GlobalSection(SolutionProperties) = preSolution
		HideSolutionNode = FALSE
	EndGlobalSection
	GlobalSection(ExtensibilityGlobals) = postSolution
		SolutionGuid = {FAC05338-89C4-4DD0-9AFE-7D780981CC9A}
	EndGlobalSection
EndGlobal
